{
  "name": "ngx-common-error-modal",
  "version": "0.0.1",
  "lockfileVersion": 3,
  "requires": true,
  "packages": {
    "": {
      "name": "ngx-common-error-modal",
      "version": "0.0.1",
      "dependencies": {
        "@ingka/button-webc": "^0.8.1",
        "@ingka/icon-webc": "^0.9.1",
        "@ingka/input-field-webc": "^0.5.0",
        "@ingka/modal-webc": "^0.6.1",
        "tslib": "^2.3.0"
      },
      "peerDependencies": {
        "@angular/common": "^17.3.0",
        "@angular/core": "^17.3.0"
      }
    },
    "node_modules/@angular/common": {
      "version": "17.3.7",
      "resolved": "https://registry.npmjs.org/@angular/common/-/common-17.3.7.tgz",
      "integrity": "sha512-A7LRJu1vVCGGgrfZXjU+njz50SiU4weheKCar5PIUprcdIofS1IrHAJDqYh+kwXxkjXbZMOr/ijQY0+AESLEsw==",
      "peer": true,
      "dependencies": {
        "tslib": "^2.3.0"
      },
      "engines": {
        "node": "^18.13.0 || >=20.9.0"
      },
      "peerDependencies": {
        "@angular/core": "17.3.7",
        "rxjs": "^6.5.3 || ^7.4.0"
      }
    },
    "node_modules/@angular/core": {
      "version": "17.3.7",
      "resolved": "https://registry.npmjs.org/@angular/core/-/core-17.3.7.tgz",
      "integrity": "sha512-HWcrbxqnvIMSxFuQdN0KPt08bc87hqr0LKm89yuRTUwx/2sNJlNQUobk6aJj4trswGBttcRDT+GOS4DQP2Nr4g==",
      "peer": true,
      "dependencies": {
        "tslib": "^2.3.0"
      },
      "engines": {
        "node": "^18.13.0 || >=20.9.0"
      },
      "peerDependencies": {
        "rxjs": "^6.5.3 || ^7.4.0",
        "zone.js": "~0.14.0"
      }
    },
    "node_modules/@ingka/button-webc": {
      "version": "0.8.1",
      "resolved": "https://npm.m2.blue.cdtapps.com/@ingka/button-webc/-/button-webc-0.8.1.tgz",
      "integrity": "sha512-VB1V/JNYrRTdttLBI6JNu8Ta07TWOrwQ2Jltm01ejmVfkZQUmTZzgWXfcYkDdOKUiU46MwygKeWewUrr3TDSfA==",
      "dependencies": {
        "@ingka/icon-store": "^0.8.10",
        "@ingka/icon-webc": "^0.9.1",
        "@ingka/loading-webc": "^0.2.1",
        "@ingka/skapa-webc-element": "^0.3.15",
        "@ingka/webc-tools": "^0.3.14"
      }
    },
    "node_modules/@ingka/focus-lock-shared": {
      "version": "0.2.7",
      "resolved": "https://npm.m2.blue.cdtapps.com/@ingka/focus-lock-shared/-/focus-lock-shared-0.2.7.tgz",
      "integrity": "sha512-1TaOYUMmSp8L6HtHDvIIbkFL2oMtnLmOOD3LcTzo/ZXOKVJ+3Eyqg855jOQjcfP9s42t9t5aAqCsNgY4iHa7ag=="
    },
    "node_modules/@ingka/helper-text-webc": {
      "version": "0.5.1",
      "resolved": "https://npm.m2.blue.cdtapps.com/@ingka/helper-text-webc/-/helper-text-webc-0.5.1.tgz",
      "integrity": "sha512-1cIV6qbg55vSkNGINQKlFNhlpDv9TNr6lCD+RC8vBKpOGF6r5TZlus8Vx+pFmLBw9M+2HkLMgeLsW/ZqQv2I+A==",
      "dependencies": {
        "@ingka/icon-store": "^0.8.10",
        "@ingka/icon-webc": "^0.9.1",
        "@ingka/skapa-webc-element": "^0.3.15",
        "@ingka/webc-tools": "^0.3.14"
      }
    },
    "node_modules/@ingka/icon-store": {
      "version": "0.8.10",
      "resolved": "https://npm.m2.blue.cdtapps.com/@ingka/icon-store/-/icon-store-0.8.10.tgz",
      "integrity": "sha512-oLvTl7XhVx56bptuo23pjsU8rDiYlg87jGWLFxIGF3NAhcNI+wIk2yKUa+N9LIvmhJKOuGSjNNCmHemNMRJDQA==",
      "dependencies": {
        "@ingka/singleton-store": "^0.1.1"
      }
    },
    "node_modules/@ingka/icon-webc": {
      "version": "0.9.1",
      "resolved": "https://npm.m2.blue.cdtapps.com/@ingka/icon-webc/-/icon-webc-0.9.1.tgz",
      "integrity": "sha512-19lyJh6CyvLkn9bG246suDi1KWkq+gBqsJi3lnU6GLbev2xwYX5++TTcnfzCQjeWinfWO8bkXa4uqM168t3sUA==",
      "dependencies": {
        "@ingka/icon-store": "^0.8.10",
        "@ingka/skapa-webc-element": "^0.3.15",
        "@ingka/webc-tools": "^0.3.14"
      }
    },
    "node_modules/@ingka/input-field-webc": {
      "version": "0.5.0",
      "resolved": "https://npm.m2.blue.cdtapps.com/@ingka/input-field-webc/-/input-field-webc-0.5.0.tgz",
      "integrity": "sha512-UZoK6pVzUFYu7UbFFuclcDHX/a3DMfI6XZXQKeBKRBsw8eeOidYznvmyrTQSP8BAPZJgtI+xgAHWHvXyKq1yZg==",
      "dependencies": {
        "@ingka/helper-text-webc": "^0.5.1",
        "@ingka/skapa-webc-element": "^0.3.15",
        "@ingka/webc-tools": "^0.3.14"
      }
    },
    "node_modules/@ingka/loading-webc": {
      "version": "0.2.1",
      "resolved": "https://npm.m2.blue.cdtapps.com/@ingka/loading-webc/-/loading-webc-0.2.1.tgz",
      "integrity": "sha512-pIvpFuLxOuY7gLwOFnEOvR6oB8Yx2jqBMHv2vk4a/fs2iq/N73xw//bHemd4dD5FDi+BL+6+pbnly6chZvCQOw==",
      "dependencies": {
        "@ingka/skapa-webc-element": "^0.3.15",
        "@ingka/webc-tools": "^0.3.14"
      }
    },
    "node_modules/@ingka/modal-webc": {
      "version": "0.6.1",
      "resolved": "https://npm.m2.blue.cdtapps.com/@ingka/modal-webc/-/modal-webc-0.6.1.tgz",
      "integrity": "sha512-9RUhMT0yCoaQThdZFTFz7rHhV38XBnaEcYUbSeMnumx6O/aROoJ89PRk6lUYWq6DAFHJUgmTuDAo+Q2axvbsng==",
      "dependencies": {
        "@ingka/button-webc": "^0.8.1",
        "@ingka/focus-lock-shared": "^0.2.7",
        "@ingka/icon-store": "^0.8.10",
        "@ingka/icon-webc": "^0.9.1",
        "@ingka/skapa-webc-element": "^0.3.15",
        "@ingka/webc-tools": "^0.3.14"
      }
    },
    "node_modules/@ingka/singleton-store": {
      "version": "0.1.1",
      "resolved": "https://npm.m2.blue.cdtapps.com/@ingka/singleton-store/-/singleton-store-0.1.1.tgz",
      "integrity": "sha512-AyTHRnGdn8R6AsgaGNr/aB/EwqjUbdvkhW/7kC0Uy5St75vnxgMhgusHaeDSC34SrFnOB5m4M12YdwsVVcoKDQ=="
    },
    "node_modules/@ingka/skapa-webc-element": {
      "version": "0.3.15",
      "resolved": "https://npm.m2.blue.cdtapps.com/@ingka/skapa-webc-element/-/skapa-webc-element-0.3.15.tgz",
      "integrity": "sha512-EdkvlSgMRsOUFjQqdU/O+pMU15SDMrRTPmA6VK5MmkD0jXRQeh19EF7bSce6YwwehF0eZP1kReS2i5noniJoJw==",
      "dependencies": {
        "@ingka/webc-tools": "^0.3.14"
      }
    },
    "node_modules/@ingka/webc-tools": {
      "version": "0.3.14",
      "resolved": "https://npm.m2.blue.cdtapps.com/@ingka/webc-tools/-/webc-tools-0.3.14.tgz",
      "integrity": "sha512-6Cjo1p1js4fIyWZUtfUsEzWG5lWsGE9+kVLv6RhMz9YrV+gLUaODPPr45sEbsk822DGomCaF9hbdHT0O8o7g8w=="
    },
    "node_modules/rxjs": {
      "version": "7.8.1",
      "resolved": "https://registry.npmjs.org/rxjs/-/rxjs-7.8.1.tgz",
      "integrity": "sha512-AA3TVj+0A2iuIoQkWEK/tqFjBq2j+6PO6Y0zJcvzLAFhEFIO3HL0vls9hWLncZbAAbK0mar7oZ4V079I/qPMxg==",
      "peer": true,
      "dependencies": {
        "tslib": "^2.1.0"
      }
    },
    "node_modules/tslib": {
      "version": "2.6.2",
      "resolved": "https://registry.npmjs.org/tslib/-/tslib-2.6.2.tgz",
      "integrity": "sha512-AEYxH93jGFPn/a2iVAwW87VuUIkR1FVUKB77NwMF7nBTDkDrrT/Hpt/IrCJ0QXhW27jTBDcf5ZY7w6RiqTMw2Q=="
    },
    "node_modules/zone.js": {
      "version": "0.14.5",
      "resolved": "https://registry.npmjs.org/zone.js/-/zone.js-0.14.5.tgz",
      "integrity": "sha512-9XYWZzY6PhHOSdkYryNcMm7L8EK7a4q+GbTvxbIA2a9lMdRUpGuyaYvLDcg8D6bdn+JomSsbPcilVKg6SmUx6w==",
      "peer": true,
      "dependencies": {
        "tslib": "^2.3.0"
      }
    }
  }
}
